
Microsoft Visual Studio Solution File, Format Version 12.00
# Visual Studio Version 17
VisualStudioVersion = 17.3.32825.248
MinimumVisualStudioVersion = 10.0.40219.1
Project("{FAE04EC0-301F-11D3-BF4B-00C04F79EFBC}") = "21.02", "21.02\21.02.csproj", "{B55ABB01-54C5-46F2-83E7-6604A342BF6F}"
EndProject
Project("{FAE04EC0-301F-11D3-BF4B-00C04F79EFBC}") = "Properties", "Properties\Properties.csproj", "{FD4D44D4-8911-46E5-B003-C593A34EE923}"
EndProject
Project("{FAE04EC0-301F-11D3-BF4B-00C04F79EFBC}") = "26.02", "26.02\26.02.csproj", "{53C46D39-FB71-4163-9B8E-C36B8AA2C5C1}"
EndProject
Project("{FAE04EC0-301F-11D3-BF4B-00C04F79EFBC}") = "28.02", "28.02\28.02.csproj", "{E2B0DF81-C101-4960-8B7A-5E6EF5B047BD}"
EndProject
Project("{FAE04EC0-301F-11D3-BF4B-00C04F79EFBC}") = "02.03", "02.03\02.03.csproj", "{2FD927BC-479A-4567-B650-4175972B6221}"
EndProject
Global
	GlobalSection(SolutionConfigurationPlatforms) = preSolution
		Debug|Any CPU = Debug|Any CPU
		Release|Any CPU = Release|Any CPU
	EndGlobalSection
	GlobalSection(ProjectConfigurationPlatforms) = postSolution
		{B55ABB01-54C5-46F2-83E7-6604A342BF6F}.Debug|Any CPU.ActiveCfg = Debug|Any CPU
		{B55ABB01-54C5-46F2-83E7-6604A342BF6F}.Debug|Any CPU.Build.0 = Debug|Any CPU
		{B55ABB01-54C5-46F2-83E7-6604A342BF6F}.Release|Any CPU.ActiveCfg = Release|Any CPU
		{B55ABB01-54C5-46F2-83E7-6604A342BF6F}.Release|Any CPU.Build.0 = Release|Any CPU
		{FD4D44D4-8911-46E5-B003-C593A34EE923}.Debug|Any CPU.ActiveCfg = Debug|Any CPU
		{FD4D44D4-8911-46E5-B003-C593A34EE923}.Debug|Any CPU.Build.0 = Debug|Any CPU
		{FD4D44D4-8911-46E5-B003-C593A34EE923}.Release|Any CPU.ActiveCfg = Release|Any CPU
		{FD4D44D4-8911-46E5-B003-C593A34EE923}.Release|Any CPU.Build.0 = Release|Any CPU
		{53C46D39-FB71-4163-9B8E-C36B8AA2C5C1}.Debug|Any CPU.ActiveCfg = Debug|Any CPU
		{53C46D39-FB71-4163-9B8E-C36B8AA2C5C1}.Debug|Any CPU.Build.0 = Debug|Any CPU
		{53C46D39-FB71-4163-9B8E-C36B8AA2C5C1}.Release|Any CPU.ActiveCfg = Release|Any CPU
		{53C46D39-FB71-4163-9B8E-C36B8AA2C5C1}.Release|Any CPU.Build.0 = Release|Any CPU
		{E2B0DF81-C101-4960-8B7A-5E6EF5B047BD}.Debug|Any CPU.ActiveCfg = Debug|Any CPU
		{E2B0DF81-C101-4960-8B7A-5E6EF5B047BD}.Debug|Any CPU.Build.0 = Debug|Any CPU
		{E2B0DF81-C101-4960-8B7A-5E6EF5B047BD}.Release|Any CPU.ActiveCfg = Release|Any CPU
		{E2B0DF81-C101-4960-8B7A-5E6EF5B047BD}.Release|Any CPU.Build.0 = Release|Any CPU
		{2FD927BC-479A-4567-B650-4175972B6221}.Debug|Any CPU.ActiveCfg = Debug|Any CPU
		{2FD927BC-479A-4567-B650-4175972B6221}.Debug|Any CPU.Build.0 = Debug|Any CPU
		{2FD927BC-479A-4567-B650-4175972B6221}.Release|Any CPU.ActiveCfg = Release|Any CPU
		{2FD927BC-479A-4567-B650-4175972B6221}.Release|Any CPU.Build.0 = Release|Any CPU
	EndGlobalSection
	GlobalSection(SolutionProperties) = preSolution
		HideSolutionNode = FALSE
	EndGlobalSection
	GlobalSection(ExtensibilityGlobals) = postSolution
		SolutionGuid = {8DDEBA65-1C85-443B-BC73-333D2062FF45}
	EndGlobalSection
EndGlobal
